// !$*UTF8*$!
{
	archiveVersion = 1;
	classes = {
	};
	objectVersion = 56;
	objects = {

/* Begin PBXBuildFile section */
		630BD1AD2B0F6DFB0027830C /* Utilities/Graph.swift in Sources */ = {isa = PBXBuildFile; fileRef = 630BD1AC2B0F6DFB0027830C /* Utilities/Graph.swift */; };
		630BD1AF2B100F040027830C /* Views/SettingsView.swift in Sources */ = {isa = PBXBuildFile; fileRef = 630BD1AE2B100F040027830C /* Views/SettingsView.swift */; };
		6326DF212CDC9C20002BDDF8 /* Safari.swift in Sources */ = {isa = PBXBuildFile; fileRef = 6326DF202CDC9C1C002BDDF8 /* Safari.swift */; };
		6331DD5E2B0F1E320076C579 /* Utilities/Models.swift in Sources */ = {isa = PBXBuildFile; fileRef = 6331DD5D2B0F1E320076C579 /* Utilities/Models.swift */; };
		6331DD602B0F1E8A0076C579 /* Managers/KeychainManager.swift in Sources */ = {isa = PBXBuildFile; fileRef = 6331DD5F2B0F1E8A0076C579 /* Managers/KeychainManager.swift */; };
		6331DD622B0F1F190076C579 /* Utilities/Extensions.swift in Sources */ = {isa = PBXBuildFile; fileRef = 6331DD612B0F1F190076C579 /* Utilities/Extensions.swift */; };
		6331DD642B0F1F5A0076C579 /* Views/MakeAccountView.swift in Sources */ = {isa = PBXBuildFile; fileRef = 6331DD632B0F1F5A0076C579 /* Views/MakeAccountView.swift */; };
		6331DD662B0F1FC40076C579 /* Views/LoginAccountView.swift in Sources */ = {isa = PBXBuildFile; fileRef = 6331DD652B0F1FC40076C579 /* Views/LoginAccountView.swift */; };
		6331DD682B0F20640076C579 /* Utilities/VisualComponents.swift in Sources */ = {isa = PBXBuildFile; fileRef = 6331DD672B0F20640076C579 /* Utilities/VisualComponents.swift */; };
		6331DD6A2B0F20D90076C579 /* Views/LoginView.swift in Sources */ = {isa = PBXBuildFile; fileRef = 6331DD692B0F20D90076C579 /* Views/LoginView.swift */; };
		633AAABD2B3CF60C00A6F6AE /* SwiftOpenAI in Frameworks */ = {isa = PBXBuildFile; productRef = 633AAABC2B3CF60C00A6F6AE /* SwiftOpenAI */; };
		63461BFF2B0DE7E90077299E /* Managers/NetworkManager.swift in Sources */ = {isa = PBXBuildFile; fileRef = 63461BFE2B0DE7E90077299E /* Managers/NetworkManager.swift */; };
		637A811D29C2908400B5D1FF /* ReminderXApp.swift in Sources */ = {isa = PBXBuildFile; fileRef = 637A811C29C2908400B5D1FF /* ReminderXApp.swift */; };
		637A811F29C2908400B5D1FF /* ContentView.swift in Sources */ = {isa = PBXBuildFile; fileRef = 637A811E29C2908400B5D1FF /* ContentView.swift */; };
		637A812129C2908600B5D1FF /* Assets.xcassets in Resources */ = {isa = PBXBuildFile; fileRef = 637A812029C2908600B5D1FF /* Assets.xcassets */; };
		637A812429C2908600B5D1FF /* Preview Content/Preview Assets.xcassets in Resources */ = {isa = PBXBuildFile; fileRef = 637A812329C2908600B5D1FF /* Preview Content/Preview Assets.xcassets */; };
		637A812E29C2908600B5D1FF /* ReminderXTests.swift in Sources */ = {isa = PBXBuildFile; fileRef = 637A812D29C2908600B5D1FF /* ReminderXTests.swift */; };
		637A813829C2908600B5D1FF /* ReminderXUITests.swift in Sources */ = {isa = PBXBuildFile; fileRef = 637A813729C2908600B5D1FF /* ReminderXUITests.swift */; };
		637A813A29C2908600B5D1FF /* ReminderXUITestsLaunchTests.swift in Sources */ = {isa = PBXBuildFile; fileRef = 637A813929C2908600B5D1FF /* ReminderXUITestsLaunchTests.swift */; };
		637A814B29C2FA0600B5D1FF /* Views/VideoEditorHomeView.swift in Sources */ = {isa = PBXBuildFile; fileRef = 637A814A29C2FA0600B5D1FF /* Views/VideoEditorHomeView.swift */; };
		637A814D29C2FF6800B5D1FF /* Views/HomeView.swift in Sources */ = {isa = PBXBuildFile; fileRef = 637A814C29C2FF6800B5D1FF /* Views/HomeView.swift */; };
		637A815629C443BE00B5D1FF /* SwiftUICharts in Frameworks */ = {isa = PBXBuildFile; productRef = 637A815529C443BE00B5D1FF /* SwiftUICharts */; };
		637A815829C4671B00B5D1FF /* Views/AiView.swift in Sources */ = {isa = PBXBuildFile; fileRef = 637A815729C4671B00B5D1FF /* Views/AiView.swift */; };
		6385743B29D93DED00312453 /* Managers/ColorSchemeManager.swift in Sources */ = {isa = PBXBuildFile; fileRef = 6385743A29D93DED00312453 /* Managers/ColorSchemeManager.swift */; };
		63AFC0242B1E32E200B73E58 /* Views/WorkoutBuilder.swift in Sources */ = {isa = PBXBuildFile; fileRef = 63AFC0232B1E32E200B73E58 /* Views/WorkoutBuilder.swift */; };
		63B851F02B43BA0D00A6010B /* ChatGPTSwift in Frameworks */ = {isa = PBXBuildFile; productRef = 633472AC29D67FF900EE355F /* ChatGPTSwift */; };
		63FA43DD2A12C08A005141F2 /* Alamofire in Frameworks */ = {isa = PBXBuildFile; productRef = 63FA43DC2A12C08A005141F2 /* Alamofire */; };
/* End PBXBuildFile section */

/* Begin PBXContainerItemProxy section */
		637A812A29C2908600B5D1FF /* PBXContainerItemProxy */ = {
			isa = PBXContainerItemProxy;
			containerPortal = 637A811129C2908400B5D1FF /* Project object */;
			proxyType = 1;
			remoteGlobalIDString = 637A811829C2908400B5D1FF;
			remoteInfo = ReminderX;
		};
		637A813429C2908600B5D1FF /* PBXContainerItemProxy */ = {
			isa = PBXContainerItemProxy;
			containerPortal = 637A811129C2908400B5D1FF /* Project object */;
			proxyType = 1;
			remoteGlobalIDString = 637A811829C2908400B5D1FF;
			remoteInfo = ReminderX;
		};
/* End PBXContainerItemProxy section */

/* Begin PBXFileReference section */
		630BD1AC2B0F6DFB0027830C /* Utilities/Graph.swift */ = {isa = PBXFileReference; lastKnownFileType = sourcecode.swift; path = Utilities/Graph.swift; sourceTree = "<group>"; };
		630BD1AE2B100F040027830C /* Views/SettingsView.swift */ = {isa = PBXFileReference; lastKnownFileType = sourcecode.swift; path = Views/SettingsView.swift; sourceTree = "<group>"; };
		632080B729D548E8000CD799 /* Info.plist */ = {isa = PBXFileReference; lastKnownFileType = text.plist; path = Info.plist; sourceTree = "<group>"; };
		6326DF202CDC9C1C002BDDF8 /* Safari.swift */ = {isa = PBXFileReference; lastKnownFileType = sourcecode.swift; path = Safari.swift; sourceTree = "<group>"; };
		6331DD5D2B0F1E320076C579 /* Utilities/Models.swift */ = {isa = PBXFileReference; lastKnownFileType = sourcecode.swift; path = Utilities/Models.swift; sourceTree = "<group>"; };
		6331DD5F2B0F1E8A0076C579 /* Managers/KeychainManager.swift */ = {isa = PBXFileReference; lastKnownFileType = sourcecode.swift; path = Managers/KeychainManager.swift; sourceTree = "<group>"; };
		6331DD612B0F1F190076C579 /* Utilities/Extensions.swift */ = {isa = PBXFileReference; lastKnownFileType = sourcecode.swift; path = Utilities/Extensions.swift; sourceTree = "<group>"; };
		6331DD632B0F1F5A0076C579 /* Views/MakeAccountView.swift */ = {isa = PBXFileReference; lastKnownFileType = sourcecode.swift; path = Views/MakeAccountView.swift; sourceTree = "<group>"; };
		6331DD652B0F1FC40076C579 /* Views/LoginAccountView.swift */ = {isa = PBXFileReference; lastKnownFileType = sourcecode.swift; path = Views/LoginAccountView.swift; sourceTree = "<group>"; };
		6331DD672B0F20640076C579 /* Utilities/VisualComponents.swift */ = {isa = PBXFileReference; lastKnownFileType = sourcecode.swift; path = Utilities/VisualComponents.swift; sourceTree = "<group>"; };
		6331DD692B0F20D90076C579 /* Views/LoginView.swift */ = {isa = PBXFileReference; lastKnownFileType = sourcecode.swift; path = Views/LoginView.swift; sourceTree = "<group>"; };
		63461BFE2B0DE7E90077299E /* Managers/NetworkManager.swift */ = {isa = PBXFileReference; lastKnownFileType = sourcecode.swift; path = Managers/NetworkManager.swift; sourceTree = "<group>"; };
		637A811929C2908400B5D1FF /* ReminderX.app */ = {isa = PBXFileReference; explicitFileType = wrapper.application; includeInIndex = 0; path = ReminderX.app; sourceTree = BUILT_PRODUCTS_DIR; };
		637A811C29C2908400B5D1FF /* ReminderXApp.swift */ = {isa = PBXFileReference; lastKnownFileType = sourcecode.swift; path = ReminderXApp.swift; sourceTree = "<group>"; };
		637A811E29C2908400B5D1FF /* ContentView.swift */ = {isa = PBXFileReference; lastKnownFileType = sourcecode.swift; path = ContentView.swift; sourceTree = "<group>"; };
		637A812029C2908600B5D1FF /* Assets.xcassets */ = {isa = PBXFileReference; lastKnownFileType = folder.assetcatalog; path = Assets.xcassets; sourceTree = "<group>"; };
		637A812329C2908600B5D1FF /* Preview Content/Preview Assets.xcassets */ = {isa = PBXFileReference; lastKnownFileType = folder.assetcatalog; path = "Preview Content/Preview Assets.xcassets"; sourceTree = "<group>"; };
		637A812929C2908600B5D1FF /* ReminderXTests.xctest */ = {isa = PBXFileReference; explicitFileType = wrapper.cfbundle; includeInIndex = 0; path = ReminderXTests.xctest; sourceTree = BUILT_PRODUCTS_DIR; };
		637A812D29C2908600B5D1FF /* ReminderXTests.swift */ = {isa = PBXFileReference; lastKnownFileType = sourcecode.swift; path = ReminderXTests.swift; sourceTree = "<group>"; };
		637A813329C2908600B5D1FF /* ReminderXUITests.xctest */ = {isa = PBXFileReference; explicitFileType = wrapper.cfbundle; includeInIndex = 0; path = ReminderXUITests.xctest; sourceTree = BUILT_PRODUCTS_DIR; };
		637A813729C2908600B5D1FF /* ReminderXUITests.swift */ = {isa = PBXFileReference; lastKnownFileType = sourcecode.swift; path = ReminderXUITests.swift; sourceTree = "<group>"; };
		637A813929C2908600B5D1FF /* ReminderXUITestsLaunchTests.swift */ = {isa = PBXFileReference; lastKnownFileType = sourcecode.swift; path = ReminderXUITestsLaunchTests.swift; sourceTree = "<group>"; };
		637A814A29C2FA0600B5D1FF /* Views/VideoEditorHomeView.swift */ = {isa = PBXFileReference; lastKnownFileType = sourcecode.swift; path = Views/VideoEditorHomeView.swift; sourceTree = "<group>"; };
		637A814C29C2FF6800B5D1FF /* Views/HomeView.swift */ = {isa = PBXFileReference; lastKnownFileType = sourcecode.swift; path = Views/HomeView.swift; sourceTree = "<group>"; };
		637A815729C4671B00B5D1FF /* Views/AiView.swift */ = {isa = PBXFileReference; lastKnownFileType = sourcecode.swift; path = Views/AiView.swift; sourceTree = "<group>"; };
		6385743A29D93DED00312453 /* Managers/ColorSchemeManager.swift */ = {isa = PBXFileReference; lastKnownFileType = sourcecode.swift; path = Managers/ColorSchemeManager.swift; sourceTree = "<group>"; };
		63AFC0232B1E32E200B73E58 /* Views/WorkoutBuilder.swift */ = {isa = PBXFileReference; lastKnownFileType = sourcecode.swift; path = Views/WorkoutBuilder.swift; sourceTree = "<group>"; };
/* End PBXFileReference section */

/* Begin PBXFrameworksBuildPhase section */
		637A811629C2908400B5D1FF /* Frameworks */ = {
			isa = PBXFrameworksBuildPhase;
			buildActionMask = 2147483647;
			files = (
				63B851F02B43BA0D00A6010B /* ChatGPTSwift in Frameworks */,
				633AAABD2B3CF60C00A6F6AE /* SwiftOpenAI in Frameworks */,
				63FA43DD2A12C08A005141F2 /* Alamofire in Frameworks */,
				637A815629C443BE00B5D1FF /* SwiftUICharts in Frameworks */,
			);
			runOnlyForDeploymentPostprocessing = 0;
		};
		637A812629C2908600B5D1FF /* Frameworks */ = {
			isa = PBXFrameworksBuildPhase;
			buildActionMask = 2147483647;
			files = (
			);
			runOnlyForDeploymentPostprocessing = 0;
		};
		637A813029C2908600B5D1FF /* Frameworks */ = {
			isa = PBXFrameworksBuildPhase;
			buildActionMask = 2147483647;
			files = (
			);
			runOnlyForDeploymentPostprocessing = 0;
		};
/* End PBXFrameworksBuildPhase section */

/* Begin PBXGroup section */
		637A811029C2908400B5D1FF = {
			isa = PBXGroup;
			children = (
				637A811B29C2908400B5D1FF /* ReminderX */,
				637A812C29C2908600B5D1FF /* ReminderXTests */,
				637A813629C2908600B5D1FF /* ReminderXUITests */,
				637A811A29C2908400B5D1FF /* Products */,
			);
			sourceTree = "<group>";
		};
		637A811A29C2908400B5D1FF /* Products */ = {
			isa = PBXGroup;
			children = (
				637A811929C2908400B5D1FF /* ReminderX.app */,
				637A812929C2908600B5D1FF /* ReminderXTests.xctest */,
				637A813329C2908600B5D1FF /* ReminderXUITests.xctest */,
			);
			name = Products;
			sourceTree = "<group>";
		};
		637A811B29C2908400B5D1FF /* ReminderX */ = {
			isa = PBXGroup;
			children = (
				632080B729D548E8000CD799 /* Info.plist */,
				637A811C29C2908400B5D1FF /* ReminderXApp.swift */,
				637A811E29C2908400B5D1FF /* ContentView.swift */,
				6331DD692B0F20D90076C579 /* Views/LoginView.swift */,
				6331DD632B0F1F5A0076C579 /* Views/MakeAccountView.swift */,
				6331DD652B0F1FC40076C579 /* Views/LoginAccountView.swift */,
				637A814C29C2FF6800B5D1FF /* Views/HomeView.swift */,
				637A814A29C2FA0600B5D1FF /* Views/VideoEditorHomeView.swift */,
				637A815729C4671B00B5D1FF /* Views/AiView.swift */,
				6326DF202CDC9C1C002BDDF8 /* Safari.swift */,
				630BD1AE2B100F040027830C /* Views/SettingsView.swift */,
				63AFC0232B1E32E200B73E58 /* Views/WorkoutBuilder.swift */,
				6331DD5D2B0F1E320076C579 /* Utilities/Models.swift */,
				6331DD612B0F1F190076C579 /* Utilities/Extensions.swift */,
				630BD1AC2B0F6DFB0027830C /* Utilities/Graph.swift */,
				6331DD672B0F20640076C579 /* Utilities/VisualComponents.swift */,
				6331DD5F2B0F1E8A0076C579 /* Managers/KeychainManager.swift */,
				63461BFE2B0DE7E90077299E /* Managers/NetworkManager.swift */,
				6385743A29D93DED00312453 /* Managers/ColorSchemeManager.swift */,
				637A812029C2908600B5D1FF /* Assets.xcassets */,
				637A812229C2908600B5D1FF /* Preview Content */,
			);
			path = ReminderX;
			sourceTree = "<group>";
		};
		637A812229C2908600B5D1FF /* Preview Content */ = {
			isa = PBXGroup;
			children = (
				637A812329C2908600B5D1FF /* Preview Content/Preview Assets.xcassets */,
			);
			path = "Preview Content";
			sourceTree = "<group>";
		};
		637A812C29C2908600B5D1FF /* ReminderXTests */ = {
			isa = PBXGroup;
			children = (
				637A812D29C2908600B5D1FF /* ReminderXTests.swift */,
			);
			path = ReminderXTests;
			sourceTree = "<group>";
		};
		637A813629C2908600B5D1FF /* ReminderXUITests */ = {
			isa = PBXGroup;
			children = (
				637A813729C2908600B5D1FF /* ReminderXUITests.swift */,
				637A813929C2908600B5D1FF /* ReminderXUITestsLaunchTests.swift */,
			);
			path = ReminderXUITests;
			sourceTree = "<group>";
		};
/* End PBXGroup section */

/* Begin PBXNativeTarget section */
		637A811829C2908400B5D1FF /* ReminderX */ = {
			isa = PBXNativeTarget;
			buildConfigurationList = 637A813D29C2908600B5D1FF /* Build configuration list for PBXNativeTarget "ReminderX" */;
			buildPhases = (
				637A811529C2908400B5D1FF /* Sources */,
				637A811629C2908400B5D1FF /* Frameworks */,
				637A811729C2908400B5D1FF /* Resources */,
			);
			buildRules = (
			);
			dependencies = (
			);
			name = ReminderX;
			packageProductDependencies = (
				637A815529C443BE00B5D1FF /* SwiftUICharts */,
				633472AC29D67FF900EE355F /* ChatGPTSwift */,
				63FA43DC2A12C08A005141F2 /* Alamofire */,
				633AAABC2B3CF60C00A6F6AE /* SwiftOpenAI */,
			);
			productName = ReminderX;
			productReference = 637A811929C2908400B5D1FF /* ReminderX.app */;
			productType = "com.apple.product-type.application";
		};
		637A812829C2908600B5D1FF /* ReminderXTests */ = {
			isa = PBXNativeTarget;
			buildConfigurationList = 637A814029C2908600B5D1FF /* Build configuration list for PBXNativeTarget "ReminderXTests" */;
			buildPhases = (
				637A812529C2908600B5D1FF /* Sources */,
				637A812629C2908600B5D1FF /* Frameworks */,
				637A812729C2908600B5D1FF /* Resources */,
			);
			buildRules = (
			);
			dependencies = (
				637A812B29C2908600B5D1FF /* PBXTargetDependency */,
			);
			name = ReminderXTests;
			productName = ReminderXTests;
			productReference = 637A812929C2908600B5D1FF /* ReminderXTests.xctest */;
			productType = "com.apple.product-type.bundle.unit-test";
		};
		637A813229C2908600B5D1FF /* ReminderXUITests */ = {
			isa = PBXNativeTarget;
			buildConfigurationList = 637A814329C2908600B5D1FF /* Build configuration list for PBXNativeTarget "ReminderXUITests" */;
			buildPhases = (
				637A812F29C2908600B5D1FF /* Sources */,
				637A813029C2908600B5D1FF /* Frameworks */,
				637A813129C2908600B5D1FF /* Resources */,
			);
			buildRules = (
			);
			dependencies = (
				637A813529C2908600B5D1FF /* PBXTargetDependency */,
			);
			name = ReminderXUITests;
			productName = ReminderXUITests;
			productReference = 637A813329C2908600B5D1FF /* ReminderXUITests.xctest */;
			productType = "com.apple.product-type.bundle.ui-testing";
		};
/* End PBXNativeTarget section */

/* Begin PBXProject section */
		637A811129C2908400B5D1FF /* Project object */ = {
			isa = PBXProject;
			attributes = {
				BuildIndependentTargetsInParallel = 1;
				LastSwiftUpdateCheck = 1420;
				LastUpgradeCheck = 1420;
				TargetAttributes = {
					637A811829C2908400B5D1FF = {
						CreatedOnToolsVersion = 14.2;
					};
					637A812829C2908600B5D1FF = {
						CreatedOnToolsVersion = 14.2;
						TestTargetID = 637A811829C2908400B5D1FF;
					};
					637A813229C2908600B5D1FF = {
						CreatedOnToolsVersion = 14.2;
						TestTargetID = 637A811829C2908400B5D1FF;
					};
				};
			};
			buildConfigurationList = 637A811429C2908400B5D1FF /* Build configuration list for PBXProject "ReminderX" */;
			compatibilityVersion = "Xcode 14.0";
			developmentRegion = en;
			hasScannedForEncodings = 0;
			knownRegions = (
				en,
				Base,
			);
			mainGroup = 637A811029C2908400B5D1FF;
			packageReferences = (
				637A815429C443BE00B5D1FF /* XCRemoteSwiftPackageReference "ChartView" */,
				633472AB29D67FF900EE355F /* XCRemoteSwiftPackageReference "ChatGPTSwift" */,
				63FA43DB2A12C08A005141F2 /* XCRemoteSwiftPackageReference "Alamofire" */,
				633AAABB2B3CF60C00A6F6AE /* XCRemoteSwiftPackageReference "SwiftOpenAI" */,
				634AF59D2CDB20E70024C897 /* XCRemoteSwiftPackageReference "GPTSwift" */,
				634AF59E2CDB25620024C897 /* XCRemoteSwiftPackageReference "openai-kit" */,
			);
			productRefGroup = 637A811A29C2908400B5D1FF /* Products */;
			projectDirPath = "";
			projectRoot = "";
			targets = (
				637A811829C2908400B5D1FF /* ReminderX */,
				637A812829C2908600B5D1FF /* ReminderXTests */,
				637A813229C2908600B5D1FF /* ReminderXUITests */,
			);
		};
/* End PBXProject section */

/* Begin PBXResourcesBuildPhase section */
		637A811729C2908400B5D1FF /* Resources */ = {
			isa = PBXResourcesBuildPhase;
			buildActionMask = 2147483647;
			files = (
				637A812429C2908600B5D1FF /* Preview Content/Preview Assets.xcassets in Resources */,
				637A812129C2908600B5D1FF /* Assets.xcassets in Resources */,
			);
			runOnlyForDeploymentPostprocessing = 0;
		};
		637A812729C2908600B5D1FF /* Resources */ = {
			isa = PBXResourcesBuildPhase;
			buildActionMask = 2147483647;
			files = (
			);
			runOnlyForDeploymentPostprocessing = 0;
		};
		637A813129C2908600B5D1FF /* Resources */ = {
			isa = PBXResourcesBuildPhase;
			buildActionMask = 2147483647;
			files = (
			);
			runOnlyForDeploymentPostprocessing = 0;
		};
/* End PBXResourcesBuildPhase section */

/* Begin PBXSourcesBuildPhase section */
		637A811529C2908400B5D1FF /* Sources */ = {
			isa = PBXSourcesBuildPhase;
			buildActionMask = 2147483647;
			files = (
				637A811F29C2908400B5D1FF /* ContentView.swift in Sources */,
				6331DD662B0F1FC40076C579 /* Views/LoginAccountView.swift in Sources */,
				6331DD6A2B0F20D90076C579 /* Views/LoginView.swift in Sources */,
				637A815829C4671B00B5D1FF /* Views/AiView.swift in Sources */,
				630BD1AF2B100F040027830C /* Views/SettingsView.swift in Sources */,
				6326DF212CDC9C20002BDDF8 /* Safari.swift in Sources */,
				637A814B29C2FA0600B5D1FF /* Views/VideoEditorHomeView.swift in Sources */,
				63461BFF2B0DE7E90077299E /* Managers/NetworkManager.swift in Sources */,
				637A811D29C2908400B5D1FF /* ReminderXApp.swift in Sources */,
				630BD1AD2B0F6DFB0027830C /* Utilities/Graph.swift in Sources */,
				6331DD5E2B0F1E320076C579 /* Utilities/Models.swift in Sources */,
				637A814D29C2FF6800B5D1FF /* Views/HomeView.swift in Sources */,
				6385743B29D93DED00312453 /* Managers/ColorSchemeManager.swift in Sources */,
				6331DD622B0F1F190076C579 /* Utilities/Extensions.swift in Sources */,
				6331DD642B0F1F5A0076C579 /* Views/MakeAccountView.swift in Sources */,
				6331DD602B0F1E8A0076C579 /* Managers/KeychainManager.swift in Sources */,
				6331DD682B0F20640076C579 /* Utilities/VisualComponents.swift in Sources */,
				63AFC0242B1E32E200B73E58 /* Views/WorkoutBuilder.swift in Sources */,
			);
			runOnlyForDeploymentPostprocessing = 0;
		};
		637A812529C2908600B5D1FF /* Sources */ = {
			isa = PBXSourcesBuildPhase;
			buildActionMask = 2147483647;
			files = (
				637A812E29C2908600B5D1FF /* ReminderXTests.swift in Sources */,
			);
			runOnlyForDeploymentPostprocessing = 0;
		};
		637A812F29C2908600B5D1FF /* Sources */ = {
			isa = PBXSourcesBuildPhase;
			buildActionMask = 2147483647;
			files = (
				637A813829C2908600B5D1FF /* ReminderXUITests.swift in Sources */,
				637A813A29C2908600B5D1FF /* ReminderXUITestsLaunchTests.swift in Sources */,
			);
			runOnlyForDeploymentPostprocessing = 0;
		};
/* End PBXSourcesBuildPhase section */

/* Begin PBXTargetDependency section */
		637A812B29C2908600B5D1FF /* PBXTargetDependency */ = {
			isa = PBXTargetDependency;
			target = 637A811829C2908400B5D1FF /* ReminderX */;
			targetProxy = 637A812A29C2908600B5D1FF /* PBXContainerItemProxy */;
		};
		637A813529C2908600B5D1FF /* PBXTargetDependency */ = {
			isa = PBXTargetDependency;
			target = 637A811829C2908400B5D1FF /* ReminderX */;
			targetProxy = 637A813429C2908600B5D1FF /* PBXContainerItemProxy */;
		};
/* End PBXTargetDependency section */

/* Begin XCBuildConfiguration section */
		637A813B29C2908600B5D1FF /* Debug */ = {
			isa = XCBuildConfiguration;
			buildSettings = {
				ALWAYS_SEARCH_USER_PATHS = NO;
				CLANG_ANALYZER_NONNULL = YES;
				CLANG_ANALYZER_NUMBER_OBJECT_CONVERSION = YES_AGGRESSIVE;
				CLANG_CXX_LANGUAGE_STANDARD = "gnu++20";
				CLANG_ENABLE_MODULES = YES;
				CLANG_ENABLE_OBJC_ARC = YES;
				CLANG_ENABLE_OBJC_WEAK = YES;
				CLANG_WARN_BLOCK_CAPTURE_AUTORELEASING = YES;
				CLANG_WARN_BOOL_CONVERSION = YES;
				CLANG_WARN_COMMA = YES;
				CLANG_WARN_CONSTANT_CONVERSION = YES;
				CLANG_WARN_DEPRECATED_OBJC_IMPLEMENTATIONS = YES;
				CLANG_WARN_DIRECT_OBJC_ISA_USAGE = YES_ERROR;
				CLANG_WARN_DOCUMENTATION_COMMENTS = YES;
				CLANG_WARN_EMPTY_BODY = YES;
				CLANG_WARN_ENUM_CONVERSION = YES;
				CLANG_WARN_INFINITE_RECURSION = YES;
				CLANG_WARN_INT_CONVERSION = YES;
				CLANG_WARN_NON_LITERAL_NULL_CONVERSION = YES;
				CLANG_WARN_OBJC_IMPLICIT_RETAIN_SELF = YES;
				CLANG_WARN_OBJC_LITERAL_CONVERSION = YES;
				CLANG_WARN_OBJC_ROOT_CLASS = YES_ERROR;
				CLANG_WARN_QUOTED_INCLUDE_IN_FRAMEWORK_HEADER = YES;
				CLANG_WARN_RANGE_LOOP_ANALYSIS = YES;
				CLANG_WARN_STRICT_PROTOTYPES = YES;
				CLANG_WARN_SUSPICIOUS_MOVE = YES;
				CLANG_WARN_UNGUARDED_AVAILABILITY = YES_AGGRESSIVE;
				CLANG_WARN_UNREACHABLE_CODE = YES;
				CLANG_WARN__DUPLICATE_METHOD_MATCH = YES;
				COPY_PHASE_STRIP = NO;
				DEBUG_INFORMATION_FORMAT = dwarf;
				ENABLE_STRICT_OBJC_MSGSEND = YES;
				ENABLE_TESTABILITY = YES;
				GCC_C_LANGUAGE_STANDARD = gnu11;
				GCC_DYNAMIC_NO_PIC = NO;
				GCC_NO_COMMON_BLOCKS = YES;
				GCC_OPTIMIZATION_LEVEL = 0;
				GCC_PREPROCESSOR_DEFINITIONS = (
					"DEBUG=1",
					"$(inherited)",
				);
				GCC_WARN_64_TO_32_BIT_CONVERSION = YES;
				GCC_WARN_ABOUT_RETURN_TYPE = YES;
				GCC_WARN_UNDECLARED_SELECTOR = YES;
				GCC_WARN_UNINITIALIZED_AUTOS = YES_AGGRESSIVE;
				GCC_WARN_UNUSED_FUNCTION = YES;
				GCC_WARN_UNUSED_VARIABLE = YES;
				IPHONEOS_DEPLOYMENT_TARGET = 16.2;
				MTL_ENABLE_DEBUG_INFO = INCLUDE_SOURCE;
				MTL_FAST_MATH = YES;
				ONLY_ACTIVE_ARCH = YES;
				SDKROOT = iphoneos;
				SWIFT_ACTIVE_COMPILATION_CONDITIONS = DEBUG;
				SWIFT_OPTIMIZATION_LEVEL = "-Onone";
			};
			name = Debug;
		};
		637A813C29C2908600B5D1FF /* Release */ = {
			isa = XCBuildConfiguration;
			buildSettings = {
				ALWAYS_SEARCH_USER_PATHS = NO;
				CLANG_ANALYZER_NONNULL = YES;
				CLANG_ANALYZER_NUMBER_OBJECT_CONVERSION = YES_AGGRESSIVE;
				CLANG_CXX_LANGUAGE_STANDARD = "gnu++20";
				CLANG_ENABLE_MODULES = YES;
				CLANG_ENABLE_OBJC_ARC = YES;
				CLANG_ENABLE_OBJC_WEAK = YES;
				CLANG_WARN_BLOCK_CAPTURE_AUTORELEASING = YES;
				CLANG_WARN_BOOL_CONVERSION = YES;
				CLANG_WARN_COMMA = YES;
				CLANG_WARN_CONSTANT_CONVERSION = YES;
				CLANG_WARN_DEPRECATED_OBJC_IMPLEMENTATIONS = YES;
				CLANG_WARN_DIRECT_OBJC_ISA_USAGE = YES_ERROR;
				CLANG_WARN_DOCUMENTATION_COMMENTS = YES;
				CLANG_WARN_EMPTY_BODY = YES;
				CLANG_WARN_ENUM_CONVERSION = YES;
				CLANG_WARN_INFINITE_RECURSION = YES;
				CLANG_WARN_INT_CONVERSION = YES;
				CLANG_WARN_NON_LITERAL_NULL_CONVERSION = YES;
				CLANG_WARN_OBJC_IMPLICIT_RETAIN_SELF = YES;
				CLANG_WARN_OBJC_LITERAL_CONVERSION = YES;
				CLANG_WARN_OBJC_ROOT_CLASS = YES_ERROR;
				CLANG_WARN_QUOTED_INCLUDE_IN_FRAMEWORK_HEADER = YES;
				CLANG_WARN_RANGE_LOOP_ANALYSIS = YES;
				CLANG_WARN_STRICT_PROTOTYPES = YES;
				CLANG_WARN_SUSPICIOUS_MOVE = YES;
				CLANG_WARN_UNGUARDED_AVAILABILITY = YES_AGGRESSIVE;
				CLANG_WARN_UNREACHABLE_CODE = YES;
				CLANG_WARN__DUPLICATE_METHOD_MATCH = YES;
				COPY_PHASE_STRIP = NO;
				DEBUG_INFORMATION_FORMAT = "dwarf-with-dsym";
				ENABLE_NS_ASSERTIONS = NO;
				ENABLE_STRICT_OBJC_MSGSEND = YES;
				GCC_C_LANGUAGE_STANDARD = gnu11;
				GCC_NO_COMMON_BLOCKS = YES;
				GCC_WARN_64_TO_32_BIT_CONVERSION = YES;
				GCC_WARN_ABOUT_RETURN_TYPE = YES;
				GCC_WARN_UNDECLARED_SELECTOR = YES;
				GCC_WARN_UNINITIALIZED_AUTOS = YES_AGGRESSIVE;
				GCC_WARN_UNUSED_FUNCTION = YES;
				GCC_WARN_UNUSED_VARIABLE = YES;
				IPHONEOS_DEPLOYMENT_TARGET = 16.2;
				MTL_ENABLE_DEBUG_INFO = NO;
				MTL_FAST_MATH = YES;
				SDKROOT = iphoneos;
				SWIFT_COMPILATION_MODE = wholemodule;
				SWIFT_OPTIMIZATION_LEVEL = "-O";
				VALIDATE_PRODUCT = YES;
			};
			name = Release;
		};
		637A813E29C2908600B5D1FF /* Debug */ = {
			isa = XCBuildConfiguration;
			buildSettings = {
				ASSETCATALOG_COMPILER_APPICON_NAME = AppIcon;
				ASSETCATALOG_COMPILER_GLOBAL_ACCENT_COLOR_NAME = AccentColor;
				ASSETCATALOG_COMPILER_INCLUDE_ALL_APPICON_ASSETS = NO;
				CODE_SIGN_STYLE = Automatic;
				CURRENT_PROJECT_VERSION = 1;
				DEVELOPMENT_ASSET_PATHS = "\"ReminderX/Preview Content\"";
				DEVELOPMENT_TEAM = 4TA6LCU742;
				ENABLE_PREVIEWS = YES;
				GENERATE_INFOPLIST_FILE = YES;
				INFOPLIST_FILE = ReminderX/Info.plist;
				INFOPLIST_KEY_CFBundleDisplayName = Node;
				INFOPLIST_KEY_LSApplicationCategoryType = "public.app-category.productivity";
				INFOPLIST_KEY_UIApplicationSceneManifest_Generation = YES;
				INFOPLIST_KEY_UIApplicationSupportsIndirectInputEvents = YES;
				INFOPLIST_KEY_UILaunchScreen_Generation = YES;
				INFOPLIST_KEY_UISupportedInterfaceOrientations = UIInterfaceOrientationPortrait;
				IPHONEOS_DEPLOYMENT_TARGET = 16.0;
				LD_RUNPATH_SEARCH_PATHS = (
					"$(inherited)",
					"@executable_path/Frameworks",
				);
				MARKETING_VERSION = 1.0;
				PRODUCT_BUNDLE_IDENTIFIER = mclean.ReminderX;
				PRODUCT_NAME = "$(TARGET_NAME)";
				SWIFT_EMIT_LOC_STRINGS = YES;
				SWIFT_VERSION = 5.0;
				TARGETED_DEVICE_FAMILY = "1,2";
			};
			name = Debug;
		};
		637A813F29C2908600B5D1FF /* Release */ = {
			isa = XCBuildConfiguration;
			buildSettings = {
				ASSETCATALOG_COMPILER_APPICON_NAME = AppIcon;
				ASSETCATALOG_COMPILER_GLOBAL_ACCENT_COLOR_NAME = AccentColor;
				ASSETCATALOG_COMPILER_INCLUDE_ALL_APPICON_ASSETS = NO;
				CODE_SIGN_STYLE = Automatic;
				CURRENT_PROJECT_VERSION = 1;
				DEVELOPMENT_ASSET_PATHS = "\"ReminderX/Preview Content\"";
				DEVELOPMENT_TEAM = 4TA6LCU742;
				ENABLE_PREVIEWS = YES;
				GENERATE_INFOPLIST_FILE = YES;
				INFOPLIST_FILE = ReminderX/Info.plist;
				INFOPLIST_KEY_CFBundleDisplayName = Node;
				INFOPLIST_KEY_LSApplicationCategoryType = "public.app-category.productivity";
				INFOPLIST_KEY_UIApplicationSceneManifest_Generation = YES;
				INFOPLIST_KEY_UIApplicationSupportsIndirectInputEvents = YES;
				INFOPLIST_KEY_UILaunchScreen_Generation = YES;
				INFOPLIST_KEY_UISupportedInterfaceOrientations = UIInterfaceOrientationPortrait;
				IPHONEOS_DEPLOYMENT_TARGET = 16.0;
				LD_RUNPATH_SEARCH_PATHS = (
					"$(inherited)",
					"@executable_path/Frameworks",
				);
				MARKETING_VERSION = 1.0;
				PRODUCT_BUNDLE_IDENTIFIER = mclean.ReminderX;
				PRODUCT_NAME = "$(TARGET_NAME)";
				SWIFT_EMIT_LOC_STRINGS = YES;
				SWIFT_VERSION = 5.0;
				TARGETED_DEVICE_FAMILY = "1,2";
			};
			name = Release;
		};
		637A814129C2908600B5D1FF /* Debug */ = {
			isa = XCBuildConfiguration;
			buildSettings = {
				ALWAYS_EMBED_SWIFT_STANDARD_LIBRARIES = YES;
				BUNDLE_LOADER = "$(TEST_HOST)";
				CODE_SIGN_STYLE = Automatic;
				CURRENT_PROJECT_VERSION = 1;
				DEVELOPMENT_TEAM = 4TA6LCU742;
				GENERATE_INFOPLIST_FILE = YES;
				IPHONEOS_DEPLOYMENT_TARGET = 16.2;
				MARKETING_VERSION = 1.0;
				PRODUCT_BUNDLE_IDENTIFIER = mclean.ReminderXTests;
				PRODUCT_NAME = "$(TARGET_NAME)";
				SUPPORTED_PLATFORMS = "iphoneos iphonesimulator";
				SUPPORTS_MACCATALYST = NO;
				SUPPORTS_MAC_DESIGNED_FOR_IPHONE_IPAD = NO;
				SWIFT_EMIT_LOC_STRINGS = NO;
				SWIFT_VERSION = 5.0;
				TARGETED_DEVICE_FAMILY = 1;
				TEST_HOST = "$(BUILT_PRODUCTS_DIR)/ReminderX.app/$(BUNDLE_EXECUTABLE_FOLDER_PATH)/ReminderX";
			};
			name = Debug;
		};
		637A814229C2908600B5D1FF /* Release */ = {
			isa = XCBuildConfiguration;
			buildSettings = {
				ALWAYS_EMBED_SWIFT_STANDARD_LIBRARIES = YES;
				BUNDLE_LOADER = "$(TEST_HOST)";
				CODE_SIGN_STYLE = Automatic;
				CURRENT_PROJECT_VERSION = 1;
				DEVELOPMENT_TEAM = 4TA6LCU742;
				GENERATE_INFOPLIST_FILE = YES;
				IPHONEOS_DEPLOYMENT_TARGET = 16.2;
				MARKETING_VERSION = 1.0;
				PRODUCT_BUNDLE_IDENTIFIER = mclean.ReminderXTests;
				PRODUCT_NAME = "$(TARGET_NAME)";
				SUPPORTED_PLATFORMS = "iphoneos iphonesimulator";
				SUPPORTS_MACCATALYST = NO;
				SUPPORTS_MAC_DESIGNED_FOR_IPHONE_IPAD = NO;
				SWIFT_EMIT_LOC_STRINGS = NO;
				SWIFT_VERSION = 5.0;
				TARGETED_DEVICE_FAMILY = 1;
				TEST_HOST = "$(BUILT_PRODUCTS_DIR)/ReminderX.app/$(BUNDLE_EXECUTABLE_FOLDER_PATH)/ReminderX";
			};
			name = Release;
		};
		637A814429C2908600B5D1FF /* Debug */ = {
			isa = XCBuildConfiguration;
			buildSettings = {
				ALWAYS_EMBED_SWIFT_STANDARD_LIBRARIES = YES;
				CODE_SIGN_STYLE = Automatic;
				CURRENT_PROJECT_VERSION = 1;
				DEVELOPMENT_TEAM = 4TA6LCU742;
				GENERATE_INFOPLIST_FILE = YES;
				MARKETING_VERSION = 1.0;
				PRODUCT_BUNDLE_IDENTIFIER = mclean.ReminderXUITests;
				PRODUCT_NAME = "$(TARGET_NAME)";
				SWIFT_EMIT_LOC_STRINGS = NO;
				SWIFT_VERSION = 5.0;
				TARGETED_DEVICE_FAMILY = "1,2";
				TEST_TARGET_NAME = ReminderX;
			};
			name = Debug;
		};
		637A814529C2908600B5D1FF /* Release */ = {
			isa = XCBuildConfiguration;
			buildSettings = {
				ALWAYS_EMBED_SWIFT_STANDARD_LIBRARIES = YES;
				CODE_SIGN_STYLE = Automatic;
				CURRENT_PROJECT_VERSION = 1;
				DEVELOPMENT_TEAM = 4TA6LCU742;
				GENERATE_INFOPLIST_FILE = YES;
				MARKETING_VERSION = 1.0;
				PRODUCT_BUNDLE_IDENTIFIER = mclean.ReminderXUITests;
				PRODUCT_NAME = "$(TARGET_NAME)";
				SWIFT_EMIT_LOC_STRINGS = NO;
				SWIFT_VERSION = 5.0;
				TARGETED_DEVICE_FAMILY = "1,2";
				TEST_TARGET_NAME = ReminderX;
			};
			name = Release;
		};
/* End XCBuildConfiguration section */

/* Begin XCConfigurationList section */
		637A811429C2908400B5D1FF /* Build configuration list for PBXProject "ReminderX" */ = {
			isa = XCConfigurationList;
			buildConfigurations = (
				637A813B29C2908600B5D1FF /* Debug */,
				637A813C29C2908600B5D1FF /* Release */,
			);
			defaultConfigurationIsVisible = 0;
			defaultConfigurationName = Release;
		};
		637A813D29C2908600B5D1FF /* Build configuration list for PBXNativeTarget "ReminderX" */ = {
			isa = XCConfigurationList;
			buildConfigurations = (
				637A813E29C2908600B5D1FF /* Debug */,
				637A813F29C2908600B5D1FF /* Release */,
			);
			defaultConfigurationIsVisible = 0;
			defaultConfigurationName = Release;
		};
		637A814029C2908600B5D1FF /* Build configuration list for PBXNativeTarget "ReminderXTests" */ = {
			isa = XCConfigurationList;
			buildConfigurations = (
				637A814129C2908600B5D1FF /* Debug */,
				637A814229C2908600B5D1FF /* Release */,
			);
			defaultConfigurationIsVisible = 0;
			defaultConfigurationName = Release;
		};
		637A814329C2908600B5D1FF /* Build configuration list for PBXNativeTarget "ReminderXUITests" */ = {
			isa = XCConfigurationList;
			buildConfigurations = (
				637A814429C2908600B5D1FF /* Debug */,
				637A814529C2908600B5D1FF /* Release */,
			);
			defaultConfigurationIsVisible = 0;
			defaultConfigurationName = Release;
		};
/* End XCConfigurationList section */

/* Begin XCRemoteSwiftPackageReference section */
		633472AB29D67FF900EE355F /* XCRemoteSwiftPackageReference "ChatGPTSwift" */ = {
			isa = XCRemoteSwiftPackageReference;
			repositoryURL = "https://github.com/alfianlosari/ChatGPTSwift.git";
			requirement = {
				branch = main;
				kind = branch;
			};
		};
		633AAABB2B3CF60C00A6F6AE /* XCRemoteSwiftPackageReference "SwiftOpenAI" */ = {
			isa = XCRemoteSwiftPackageReference;
			repositoryURL = "https://github.com/SwiftBeta/SwiftOpenAI.git";
			requirement = {
				kind = upToNextMajorVersion;
				minimumVersion = 1.3.0;
			};
		};
		634AF59D2CDB20E70024C897 /* XCRemoteSwiftPackageReference "GPTSwift" */ = {
			isa = XCRemoteSwiftPackageReference;
			repositoryURL = "https://github.com/SwiftedMind/GPTSwift";
			requirement = {
				kind = upToNextMajorVersion;
				minimumVersion = 3.0.1;
			};
		};
		634AF59E2CDB25620024C897 /* XCRemoteSwiftPackageReference "openai-kit" */ = {
			isa = XCRemoteSwiftPackageReference;
			repositoryURL = "https://github.com/dylanshine/openai-kit.git";
			requirement = {
				kind = upToNextMajorVersion;
				minimumVersion = 1.8.2;
			};
		};
		637A815429C443BE00B5D1FF /* XCRemoteSwiftPackageReference "ChartView" */ = {
			isa = XCRemoteSwiftPackageReference;
			repositoryURL = "https://github.com/AppPear/ChartView";
			requirement = {
				kind = upToNextMajorVersion;
				minimumVersion = 1.0.0;
			};
		};
		63FA43DB2A12C08A005141F2 /* XCRemoteSwiftPackageReference "Alamofire" */ = {
			isa = XCRemoteSwiftPackageReference;
			repositoryURL = "https://github.com/Alamofire/Alamofire";
			requirement = {
				kind = upToNextMajorVersion;
				minimumVersion = 5.0.0;
			};
		};
/* End XCRemoteSwiftPackageReference section */

/* Begin XCSwiftPackageProductDependency section */
		633472AC29D67FF900EE355F /* ChatGPTSwift */ = {
			isa = XCSwiftPackageProductDependency;
			package = 633472AB29D67FF900EE355F /* XCRemoteSwiftPackageReference "ChatGPTSwift" */;
			productName = ChatGPTSwift;
		};
		633AAABC2B3CF60C00A6F6AE /* SwiftOpenAI */ = {
			isa = XCSwiftPackageProductDependency;
			package = 633AAABB2B3CF60C00A6F6AE /* XCRemoteSwiftPackageReference "SwiftOpenAI" */;
			productName = SwiftOpenAI;
		};
		637A815529C443BE00B5D1FF /* SwiftUICharts */ = {
			isa = XCSwiftPackageProductDependency;
			package = 637A815429C443BE00B5D1FF /* XCRemoteSwiftPackageReference "ChartView" */;
			productName = SwiftUICharts;
		};
		63FA43DC2A12C08A005141F2 /* Alamofire */ = {
			isa = XCSwiftPackageProductDependency;
			package = 63FA43DB2A12C08A005141F2 /* XCRemoteSwiftPackageReference "Alamofire" */;
			productName = Alamofire;
		};
/* End XCSwiftPackageProductDependency section */
	};
	rootObject = 637A811129C2908400B5D1FF /* Project object */;
}
